// !$*UTF8*$!
{
	archiveVersion = 1;
	classes = {
	};
	objectVersion = 50;
	objects = {

/* Begin PBXBuildFile section */
		C4F90ED721A40B7B0072AE10 /* AppDelegate.swift in Sources */ = {isa = PBXBuildFile; fileRef = C4F90ED621A40B7B0072AE10 /* AppDelegate.swift */; };
		C4F90EDC21A40B7B0072AE10 /* Main.storyboard in Resources */ = {isa = PBXBuildFile; fileRef = C4F90EDA21A40B7B0072AE10 /* Main.storyboard */; };
		C4F90EDE21A40B7C0072AE10 /* Assets.xcassets in Resources */ = {isa = PBXBuildFile; fileRef = C4F90EDD21A40B7C0072AE10 /* Assets.xcassets */; };
		C4F90EE121A40B7C0072AE10 /* LaunchScreen.storyboard in Resources */ = {isa = PBXBuildFile; fileRef = C4F90EDF21A40B7C0072AE10 /* LaunchScreen.storyboard */; };
		CB42587A21B2F61100344662 /* today.gif in Resources */ = {isa = PBXBuildFile; fileRef = CB42587921B2F61100344662 /* today.gif */; };
		EAAFF34682E4613FBC5B0704 /* Pods_U17.framework in Frameworks */ = {isa = PBXBuildFile; fileRef = B07A587E7EDE5DCE5FB7AA1B /* Pods_U17.framework */; };
/* End PBXBuildFile section */

/* Begin PBXFileReference section */
		B07A587E7EDE5DCE5FB7AA1B /* Pods_U17.framework */ = {isa = PBXFileReference; explicitFileType = wrapper.framework; includeInIndex = 0; path = Pods_U17.framework; sourceTree = BUILT_PRODUCTS_DIR; };
		C372B763E76FB817B2EE591C /* Pods-U17.release.xcconfig */ = {isa = PBXFileReference; includeInIndex = 1; lastKnownFileType = text.xcconfig; name = "Pods-U17.release.xcconfig"; path = "Pods/Target Support Files/Pods-U17/Pods-U17.release.xcconfig"; sourceTree = "<group>"; };
		C4F90ED321A40B7B0072AE10 /* U17.app */ = {isa = PBXFileReference; explicitFileType = wrapper.application; includeInIndex = 0; path = U17.app; sourceTree = BUILT_PRODUCTS_DIR; };
		C4F90ED621A40B7B0072AE10 /* AppDelegate.swift */ = {isa = PBXFileReference; lastKnownFileType = sourcecode.swift; path = AppDelegate.swift; sourceTree = "<group>"; };
		C4F90EDB21A40B7B0072AE10 /* Base */ = {isa = PBXFileReference; lastKnownFileType = file.storyboard; name = Base; path = Base.lproj/Main.storyboard; sourceTree = "<group>"; };
		C4F90EDD21A40B7C0072AE10 /* Assets.xcassets */ = {isa = PBXFileReference; lastKnownFileType = folder.assetcatalog; path = Assets.xcassets; sourceTree = "<group>"; };
		C4F90EE021A40B7C0072AE10 /* Base */ = {isa = PBXFileReference; lastKnownFileType = file.storyboard; name = Base; path = Base.lproj/LaunchScreen.storyboard; sourceTree = "<group>"; };
		C4F90EE221A40B7C0072AE10 /* Info.plist */ = {isa = PBXFileReference; lastKnownFileType = text.plist.xml; path = Info.plist; sourceTree = "<group>"; };
		C4F90EE921A40C820072AE10 /* cartoon.h */ = {isa = PBXFileReference; lastKnownFileType = sourcecode.c.h; path = cartoon.h; sourceTree = "<group>"; };
		CB42587921B2F61100344662 /* today.gif */ = {isa = PBXFileReference; lastKnownFileType = image.gif; path = today.gif; sourceTree = "<group>"; };
		FB4F491D5FFB034C7D9DA27A /* Pods-U17.debug.xcconfig */ = {isa = PBXFileReference; includeInIndex = 1; lastKnownFileType = text.xcconfig; name = "Pods-U17.debug.xcconfig"; path = "Pods/Target Support Files/Pods-U17/Pods-U17.debug.xcconfig"; sourceTree = "<group>"; };
/* End PBXFileReference section */

/* Begin PBXFrameworksBuildPhase section */
		C4F90ED021A40B7B0072AE10 /* Frameworks */ = {
			isa = PBXFrameworksBuildPhase;
			buildActionMask = 2147483647;
			files = (
				EAAFF34682E4613FBC5B0704 /* Pods_U17.framework in Frameworks */,
			);
			runOnlyForDeploymentPostprocessing = 0;
		};
/* End PBXFrameworksBuildPhase section */

/* Begin PBXGroup section */
		651EA8D11C073127E15BE79E /* Pods */ = {
			isa = PBXGroup;
			children = (
				FB4F491D5FFB034C7D9DA27A /* Pods-U17.debug.xcconfig */,
				C372B763E76FB817B2EE591C /* Pods-U17.release.xcconfig */,
			);
			name = Pods;
			sourceTree = "<group>";
		};
		C4F90ECA21A40B7B0072AE10 = {
			isa = PBXGroup;
			children = (
				C4F90ED521A40B7B0072AE10 /* U17 */,
				C4F90EE821A40C540072AE10 /* Bridge */,
				CB42587821B2F50800344662 /* Snapshot */,
				C4F90ED421A40B7B0072AE10 /* Products */,
				651EA8D11C073127E15BE79E /* Pods */,
				E6CFDBB6446F9B3B5317656B /* Frameworks */,
			);
			sourceTree = "<group>";
		};
		C4F90ED421A40B7B0072AE10 /* Products */ = {
			isa = PBXGroup;
			children = (
				C4F90ED321A40B7B0072AE10 /* U17.app */,
			);
			name = Products;
			sourceTree = "<group>";
		};
		C4F90ED521A40B7B0072AE10 /* U17 */ = {
			isa = PBXGroup;
			children = (
				C4F90ED621A40B7B0072AE10 /* AppDelegate.swift */,
				C4F90EDA21A40B7B0072AE10 /* Main.storyboard */,
				C4F90EDD21A40B7C0072AE10 /* Assets.xcassets */,
				C4F90EDF21A40B7C0072AE10 /* LaunchScreen.storyboard */,
				C4F90EE221A40B7C0072AE10 /* Info.plist */,
			);
			path = U17;
			sourceTree = "<group>";
		};
		C4F90EE821A40C540072AE10 /* Bridge */ = {
			isa = PBXGroup;
			children = (
				C4F90EE921A40C820072AE10 /* cartoon.h */,
			);
			path = Bridge;
			sourceTree = "<group>";
		};
		CB42587821B2F50800344662 /* Snapshot */ = {
			isa = PBXGroup;
			children = (
				CB42587921B2F61100344662 /* today.gif */,
			);
			path = Snapshot;
			sourceTree = "<group>";
		};
		E6CFDBB6446F9B3B5317656B /* Frameworks */ = {
			isa = PBXGroup;
			children = (
				B07A587E7EDE5DCE5FB7AA1B /* Pods_U17.framework */,
			);
			name = Frameworks;
			sourceTree = "<group>";
		};
/* End PBXGroup section */

/* Begin PBXNativeTarget section */
		C4F90ED221A40B7B0072AE10 /* U17 */ = {
			isa = PBXNativeTarget;
			buildConfigurationList = C4F90EE521A40B7C0072AE10 /* Build configuration list for PBXNativeTarget "U17" */;
			buildPhases = (
				75A6FE7F25081CE848B5B204 /* [CP] Check Pods Manifest.lock */,
				C4F90ECF21A40B7B0072AE10 /* Sources */,
				C4F90ED021A40B7B0072AE10 /* Frameworks */,
				C4F90ED121A40B7B0072AE10 /* Resources */,
				081FCFE4BA62EA8BB27FAC5B /* [CP] Embed Pods Frameworks */,
			);
			buildRules = (
			);
			dependencies = (
			);
			name = U17;
			productName = U17;
			productReference = C4F90ED321A40B7B0072AE10 /* U17.app */;
			productType = "com.apple.product-type.application";
		};
/* End PBXNativeTarget section */

/* Begin PBXProject section */
		C4F90ECB21A40B7B0072AE10 /* Project object */ = {
			isa = PBXProject;
			attributes = {
				LastSwiftUpdateCheck = 1010;
				LastUpgradeCheck = 1010;
				ORGANIZATIONNAME = Archer;
				TargetAttributes = {
					C4F90ED221A40B7B0072AE10 = {
						CreatedOnToolsVersion = 10.1;
					};
				};
			};
			buildConfigurationList = C4F90ECE21A40B7B0072AE10 /* Build configuration list for PBXProject "U17" */;
			compatibilityVersion = "Xcode 9.3";
			developmentRegion = en;
			hasScannedForEncodings = 0;
			knownRegions = (
				en,
				Base,
			);
			mainGroup = C4F90ECA21A40B7B0072AE10;
			productRefGroup = C4F90ED421A40B7B0072AE10 /* Products */;
			projectDirPath = "";
			projectRoot = "";
			targets = (
				C4F90ED221A40B7B0072AE10 /* U17 */,
			);
		};
/* End PBXProject section */

/* Begin PBXResourcesBuildPhase section */
		C4F90ED121A40B7B0072AE10 /* Resources */ = {
			isa = PBXResourcesBuildPhase;
			buildActionMask = 2147483647;
			files = (
				C4F90EE121A40B7C0072AE10 /* LaunchScreen.storyboard in Resources */,
				C4F90EDE21A40B7C0072AE10 /* Assets.xcassets in Resources */,
				C4F90EDC21A40B7B0072AE10 /* Main.storyboard in Resources */,
				CB42587A21B2F61100344662 /* today.gif in Resources */,
			);
			runOnlyForDeploymentPostprocessing = 0;
		};
/* End PBXResourcesBuildPhase section */

/* Begin PBXShellScriptBuildPhase section */
		081FCFE4BA62EA8BB27FAC5B /* [CP] Embed Pods Frameworks */ = {
			isa = PBXShellScriptBuildPhase;
			buildActionMask = 2147483647;
			files = (
			);
			inputFileListPaths = (
			);
			inputPaths = (
				"${SRCROOT}/Pods/Target Support Files/Pods-U17/Pods-U17-frameworks.sh",
				"${BUILT_PRODUCTS_DIR}/Alamofire/Alamofire.framework",
				"${BUILT_PRODUCTS_DIR}/AppBookshelf/AppBookshelf.framework",
				"${BUILT_PRODUCTS_DIR}/AppDiscover/AppDiscover.framework",
				"${BUILT_PRODUCTS_DIR}/AppMain/AppMain.framework",
				"${BUILT_PRODUCTS_DIR}/AppProfile/AppProfile.framework",
				"${BUILT_PRODUCTS_DIR}/AppSearch/AppSearch.framework",
				"${BUILT_PRODUCTS_DIR}/AppToday/AppToday.framework",
				"${BUILT_PRODUCTS_DIR}/Differentiator/Differentiator.framework",
				"${BUILT_PRODUCTS_DIR}/Fate/Fate.framework",
				"${BUILT_PRODUCTS_DIR}/IQKeyboardManagerSwift/IQKeyboardManagerSwift.framework",
				"${BUILT_PRODUCTS_DIR}/MJRefresh/MJRefresh.framework",
				"${BUILT_PRODUCTS_DIR}/Mediator/Mediator.framework",
				"${BUILT_PRODUCTS_DIR}/Moya/Moya.framework",
				"${BUILT_PRODUCTS_DIR}/ReactorKit/ReactorKit.framework",
				"${BUILT_PRODUCTS_DIR}/Result/Result.framework",
				"${BUILT_PRODUCTS_DIR}/RxAppState/RxAppState.framework",
				"${BUILT_PRODUCTS_DIR}/RxBindable/RxBindable.framework",
				"${BUILT_PRODUCTS_DIR}/RxCocoa/RxCocoa.framework",
				"${BUILT_PRODUCTS_DIR}/RxDataSources/RxDataSources.framework",
				"${BUILT_PRODUCTS_DIR}/RxMoya/RxMoya.framework",
				"${BUILT_PRODUCTS_DIR}/RxOptional/RxOptional.framework",
				"${BUILT_PRODUCTS_DIR}/RxSkeleton/RxSkeleton.framework",
				"${BUILT_PRODUCTS_DIR}/RxSwift/RxSwift.framework",
				"${BUILT_PRODUCTS_DIR}/RxSwiftExt/RxSwiftExt.framework",
				"${BUILT_PRODUCTS_DIR}/SDCycleScrollView/SDCycleScrollView.framework",
				"${BUILT_PRODUCTS_DIR}/SDWebImage/SDWebImage.framework",
				"${BUILT_PRODUCTS_DIR}/SkeletonView/SkeletonView.framework",
				"${BUILT_PRODUCTS_DIR}/SnapKit/SnapKit.framework",
				"${BUILT_PRODUCTS_DIR}/TYPagerController/TYPagerController.framework",
				"${BUILT_PRODUCTS_DIR}/Timepiece/Timepiece.framework",
				"${BUILT_PRODUCTS_DIR}/UITableView+FDTemplateLayoutCell/UITableView_FDTemplateLayoutCell.framework",
				"${BUILT_PRODUCTS_DIR}/YYKit/YYKit.framework",
				"${BUILT_PRODUCTS_DIR}/libwebp/libwebp.framework",
			);
			name = "[CP] Embed Pods Frameworks";
			outputFileListPaths = (
			);
			outputPaths = (
				"${TARGET_BUILD_DIR}/${FRAMEWORKS_FOLDER_PATH}/Alamofire.framework",
				"${TARGET_BUILD_DIR}/${FRAMEWORKS_FOLDER_PATH}/AppBookshelf.framework",
				"${TARGET_BUILD_DIR}/${FRAMEWORKS_FOLDER_PATH}/AppDiscover.framework",
				"${TARGET_BUILD_DIR}/${FRAMEWORKS_FOLDER_PATH}/AppMain.framework",
				"${TARGET_BUILD_DIR}/${FRAMEWORKS_FOLDER_PATH}/AppProfile.framework",
				"${TARGET_BUILD_DIR}/${FRAMEWORKS_FOLDER_PATH}/AppSearch.framework",
				"${TARGET_BUILD_DIR}/${FRAMEWORKS_FOLDER_PATH}/AppToday.framework",
				"${TARGET_BUILD_DIR}/${FRAMEWORKS_FOLDER_PATH}/Differentiator.framework",
				"${TARGET_BUILD_DIR}/${FRAMEWORKS_FOLDER_PATH}/Fate.framework",
				"${TARGET_BUILD_DIR}/${FRAMEWORKS_FOLDER_PATH}/IQKeyboardManagerSwift.framework",
				"${TARGET_BUILD_DIR}/${FRAMEWORKS_FOLDER_PATH}/MJRefresh.framework",
				"${TARGET_BUILD_DIR}/${FRAMEWORKS_FOLDER_PATH}/Mediator.framework",
				"${TARGET_BUILD_DIR}/${FRAMEWORKS_FOLDER_PATH}/Moya.framework",
				"${TARGET_BUILD_DIR}/${FRAMEWORKS_FOLDER_PATH}/ReactorKit.framework",
				"${TARGET_BUILD_DIR}/${FRAMEWORKS_FOLDER_PATH}/Result.framework",
				"${TARGET_BUILD_DIR}/${FRAMEWORKS_FOLDER_PATH}/RxAppState.framework",
				"${TARGET_BUILD_DIR}/${FRAMEWORKS_FOLDER_PATH}/RxBindable.framework",
				"${TARGET_BUILD_DIR}/${FRAMEWORKS_FOLDER_PATH}/RxCocoa.framework",
				"${TARGET_BUILD_DIR}/${FRAMEWORKS_FOLDER_PATH}/RxDataSources.framework",
				"${TARGET_BUILD_DIR}/${FRAMEWORKS_FOLDER_PATH}/RxMoya.framework",
				"${TARGET_BUILD_DIR}/${FRAMEWORKS_FOLDER_PATH}/RxOptional.framework",
				"${TARGET_BUILD_DIR}/${FRAMEWORKS_FOLDER_PATH}/RxSkeleton.framework",
				"${TARGET_BUILD_DIR}/${FRAMEWORKS_FOLDER_PATH}/RxSwift.framework",
				"${TARGET_BUILD_DIR}/${FRAMEWORKS_FOLDER_PATH}/RxSwiftExt.framework",
				"${TARGET_BUILD_DIR}/${FRAMEWORKS_FOLDER_PATH}/SDCycleScrollView.framework",
				"${TARGET_BUILD_DIR}/${FRAMEWORKS_FOLDER_PATH}/SDWebImage.framework",
				"${TARGET_BUILD_DIR}/${FRAMEWORKS_FOLDER_PATH}/SkeletonView.framework",
				"${TARGET_BUILD_DIR}/${FRAMEWORKS_FOLDER_PATH}/SnapKit.framework",
				"${TARGET_BUILD_DIR}/${FRAMEWORKS_FOLDER_PATH}/TYPagerController.framework",
				"${TARGET_BUILD_DIR}/${FRAMEWORKS_FOLDER_PATH}/Timepiece.framework",
				"${TARGET_BUILD_DIR}/${FRAMEWORKS_FOLDER_PATH}/UITableView_FDTemplateLayoutCell.framework",
				"${TARGET_BUILD_DIR}/${FRAMEWORKS_FOLDER_PATH}/YYKit.framework",
				"${TARGET_BUILD_DIR}/${FRAMEWORKS_FOLDER_PATH}/libwebp.framework",
			);
			runOnlyForDeploymentPostprocessing = 0;
			shellPath = /bin/sh;
			shellScript = "\"${SRCROOT}/Pods/Target Support Files/Pods-U17/Pods-U17-frameworks.sh\"\n";
			showEnvVarsInLog = 0;
		};
		75A6FE7F25081CE848B5B204 /* [CP] Check Pods Manifest.lock */ = {
			isa = PBXShellScriptBuildPhase;
			buildActionMask = 2147483647;
			files = (
			);
			inputFileListPaths = (
			);
			inputPaths = (
				"${PODS_PODFILE_DIR_PATH}/Podfile.lock",
				"${PODS_ROOT}/Manifest.lock",
			);
			name = "[CP] Check Pods Manifest.lock";
			outputFileListPaths = (
			);
			outputPaths = (
				"$(DERIVED_FILE_DIR)/Pods-U17-checkManifestLockResult.txt",
			);
			runOnlyForDeploymentPostprocessing = 0;
			shellPath = /bin/sh;
			shellScript = "diff \"${PODS_PODFILE_DIR_PATH}/Podfile.lock\" \"${PODS_ROOT}/Manifest.lock\" > /dev/null\nif [ $? != 0 ] ; then\n    # print error to STDERR\n    echo \"error: The sandbox is not in sync with the Podfile.lock. Run 'pod install' or update your CocoaPods installation.\" >&2\n    exit 1\nfi\n# This output is used by Xcode 'outputs' to avoid re-running this script phase.\necho \"SUCCESS\" > \"${SCRIPT_OUTPUT_FILE_0}\"\n";
			showEnvVarsInLog = 0;
		};
/* End PBXShellScriptBuildPhase section */

/* Begin PBXSourcesBuildPhase section */
		C4F90ECF21A40B7B0072AE10 /* Sources */ = {
			isa = PBXSourcesBuildPhase;
			buildActionMask = 2147483647;
			files = (
				C4F90ED721A40B7B0072AE10 /* AppDelegate.swift in Sources */,
			);
			runOnlyForDeploymentPostprocessing = 0;
		};
/* End PBXSourcesBuildPhase section */

/* Begin PBXVariantGroup section */
		C4F90EDA21A40B7B0072AE10 /* Main.storyboard */ = {
			isa = PBXVariantGroup;
			children = (
				C4F90EDB21A40B7B0072AE10 /* Base */,
			);
			name = Main.storyboard;
			sourceTree = "<group>";
		};
		C4F90EDF21A40B7C0072AE10 /* LaunchScreen.storyboard */ = {
			isa = PBXVariantGroup;
			children = (
				C4F90EE021A40B7C0072AE10 /* Base */,
			);
			name = LaunchScreen.storyboard;
			sourceTree = "<group>";
		};
/* End PBXVariantGroup section */

/* Begin XCBuildConfiguration section */
		C4F90EE321A40B7C0072AE10 /* Debug */ = {
			isa = XCBuildConfiguration;
			buildSettings = {
				ALWAYS_SEARCH_USER_PATHS = NO;
				CLANG_ANALYZER_NONNULL = YES;
				CLANG_ANALYZER_NUMBER_OBJECT_CONVERSION = YES_AGGRESSIVE;
				CLANG_CXX_LANGUAGE_STANDARD = "gnu++14";
				CLANG_CXX_LIBRARY = "libc++";
				CLANG_ENABLE_MODULES = YES;
				CLANG_ENABLE_OBJC_ARC = YES;
				CLANG_ENABLE_OBJC_WEAK = YES;
				CLANG_WARN_BLOCK_CAPTURE_AUTORELEASING = YES;
				CLANG_WARN_BOOL_CONVERSION = YES;
				CLANG_WARN_COMMA = YES;
				CLANG_WARN_CONSTANT_CONVERSION = YES;
				CLANG_WARN_DEPRECATED_OBJC_IMPLEMENTATIONS = YES;
				CLANG_WARN_DIRECT_OBJC_ISA_USAGE = YES_ERROR;
				CLANG_WARN_DOCUMENTATION_COMMENTS = YES;
				CLANG_WARN_EMPTY_BODY = YES;
				CLANG_WARN_ENUM_CONVERSION = YES;
				CLANG_WARN_INFINITE_RECURSION = YES;
				CLANG_WARN_INT_CONVERSION = YES;
				CLANG_WARN_NON_LITERAL_NULL_CONVERSION = YES;
				CLANG_WARN_OBJC_IMPLICIT_RETAIN_SELF = YES;
				CLANG_WARN_OBJC_LITERAL_CONVERSION = YES;
				CLANG_WARN_OBJC_ROOT_CLASS = YES_ERROR;
				CLANG_WARN_RANGE_LOOP_ANALYSIS = YES;
				CLANG_WARN_STRICT_PROTOTYPES = YES;
				CLANG_WARN_SUSPICIOUS_MOVE = YES;
				CLANG_WARN_UNGUARDED_AVAILABILITY = YES_AGGRESSIVE;
				CLANG_WARN_UNREACHABLE_CODE = YES;
				CLANG_WARN__DUPLICATE_METHOD_MATCH = YES;
				CODE_SIGN_IDENTITY = "iPhone Developer";
				COPY_PHASE_STRIP = NO;
				DEBUG_INFORMATION_FORMAT = dwarf;
				ENABLE_STRICT_OBJC_MSGSEND = YES;
				ENABLE_TESTABILITY = YES;
				GCC_C_LANGUAGE_STANDARD = gnu11;
				GCC_DYNAMIC_NO_PIC = NO;
				GCC_NO_COMMON_BLOCKS = YES;
				GCC_OPTIMIZATION_LEVEL = 0;
				GCC_PREPROCESSOR_DEFINITIONS = (
					"DEBUG=1",
					"$(inherited)",
				);
				GCC_WARN_64_TO_32_BIT_CONVERSION = YES;
				GCC_WARN_ABOUT_RETURN_TYPE = YES_ERROR;
				GCC_WARN_UNDECLARED_SELECTOR = YES;
				GCC_WARN_UNINITIALIZED_AUTOS = YES_AGGRESSIVE;
				GCC_WARN_UNUSED_FUNCTION = YES;
				GCC_WARN_UNUSED_VARIABLE = YES;
				IPHONEOS_DEPLOYMENT_TARGET = 9.0;
				MTL_ENABLE_DEBUG_INFO = INCLUDE_SOURCE;
				MTL_FAST_MATH = YES;
				ONLY_ACTIVE_ARCH = YES;
				SDKROOT = iphoneos;
				SWIFT_ACTIVE_COMPILATION_CONDITIONS = DEBUG;
				SWIFT_OPTIMIZATION_LEVEL = "-Onone";
			};
			name = Debug;
		};
		C4F90EE421A40B7C0072AE10 /* Release */ = {
			isa = XCBuildConfiguration;
			buildSettings = {
				ALWAYS_SEARCH_USER_PATHS = NO;
				CLANG_ANALYZER_NONNULL = YES;
				CLANG_ANALYZER_NUMBER_OBJECT_CONVERSION = YES_AGGRESSIVE;
				CLANG_CXX_LANGUAGE_STANDARD = "gnu++14";
				CLANG_CXX_LIBRARY = "libc++";
				CLANG_ENABLE_MODULES = YES;
				CLANG_ENABLE_OBJC_ARC = YES;
				CLANG_ENABLE_OBJC_WEAK = YES;
				CLANG_WARN_BLOCK_CAPTURE_AUTORELEASING = YES;
				CLANG_WARN_BOOL_CONVERSION = YES;
				CLANG_WARN_COMMA = YES;
				CLANG_WARN_CONSTANT_CONVERSION = YES;
				CLANG_WARN_DEPRECATED_OBJC_IMPLEMENTATIONS = YES;
				CLANG_WARN_DIRECT_OBJC_ISA_USAGE = YES_ERROR;
				CLANG_WARN_DOCUMENTATION_COMMENTS = YES;
				CLANG_WARN_EMPTY_BODY = YES;
				CLANG_WARN_ENUM_CONVERSION = YES;
				CLANG_WARN_INFINITE_RECURSION = YES;
				CLANG_WARN_INT_CONVERSION = YES;
				CLANG_WARN_NON_LITERAL_NULL_CONVERSION = YES;
				CLANG_WARN_OBJC_IMPLICIT_RETAIN_SELF = YES;
				CLANG_WARN_OBJC_LITERAL_CONVERSION = YES;
				CLANG_WARN_OBJC_ROOT_CLASS = YES_ERROR;
				CLANG_WARN_RANGE_LOOP_ANALYSIS = YES;
				CLANG_WARN_STRICT_PROTOTYPES = YES;
				CLANG_WARN_SUSPICIOUS_MOVE = YES;
				CLANG_WARN_UNGUARDED_AVAILABILITY = YES_AGGRESSIVE;
				CLANG_WARN_UNREACHABLE_CODE = YES;
				CLANG_WARN__DUPLICATE_METHOD_MATCH = YES;
				CODE_SIGN_IDENTITY = "iPhone Developer";
				COPY_PHASE_STRIP = NO;
				DEBUG_INFORMATION_FORMAT = "dwarf-with-dsym";
				ENABLE_NS_ASSERTIONS = NO;
				ENABLE_STRICT_OBJC_MSGSEND = YES;
				GCC_C_LANGUAGE_STANDARD = gnu11;
				GCC_NO_COMMON_BLOCKS = YES;
				GCC_WARN_64_TO_32_BIT_CONVERSION = YES;
				GCC_WARN_ABOUT_RETURN_TYPE = YES_ERROR;
				GCC_WARN_UNDECLARED_SELECTOR = YES;
				GCC_WARN_UNINITIALIZED_AUTOS = YES_AGGRESSIVE;
				GCC_WARN_UNUSED_FUNCTION = YES;
				GCC_WARN_UNUSED_VARIABLE = YES;
				IPHONEOS_DEPLOYMENT_TARGET = 9.0;
				MTL_ENABLE_DEBUG_INFO = NO;
				MTL_FAST_MATH = YES;
				SDKROOT = iphoneos;
				SWIFT_COMPILATION_MODE = wholemodule;
				SWIFT_OPTIMIZATION_LEVEL = "-O";
				VALIDATE_PRODUCT = YES;
			};
			name = Release;
		};
		C4F90EE621A40B7C0072AE10 /* Debug */ = {
			isa = XCBuildConfiguration;
			baseConfigurationReference = FB4F491D5FFB034C7D9DA27A /* Pods-U17.debug.xcconfig */;
			buildSettings = {
				ASSETCATALOG_COMPILER_APPICON_NAME = AppIcon;
				ASSETCATALOG_COMPILER_LAUNCHIMAGE_NAME = LaunchImage;
				CODE_SIGN_STYLE = Automatic;
				DEVELOPMENT_TEAM = 3MEQ3GT44F;
				INFOPLIST_FILE = U17/Info.plist;
				LD_RUNPATH_SEARCH_PATHS = (
					"$(inherited)",
					"@executable_path/Frameworks",
				);
				PRODUCT_BUNDLE_IDENTIFIER = org.archer.u17;
				PRODUCT_NAME = "$(TARGET_NAME)";
				SWIFT_OBJC_BRIDGING_HEADER = "$(SRCROOT)/Bridge/cartoon.h";
				SWIFT_VERSION = 4.2;
				TARGETED_DEVICE_FAMILY = 1;
			};
			name = Debug;
		};
		C4F90EE721A40B7C0072AE10 /* Release */ = {
			isa = XCBuildConfiguration;
			baseConfigurationReference = C372B763E76FB817B2EE591C /* Pods-U17.release.xcconfig */;
			buildSettings = {
				ASSETCATALOG_COMPILER_APPICON_NAME = AppIcon;
				ASSETCATALOG_COMPILER_LAUNCHIMAGE_NAME = LaunchImage;
				CODE_SIGN_STYLE = Automatic;
				DEVELOPMENT_TEAM = 3MEQ3GT44F;
				INFOPLIST_FILE = U17/Info.plist;
				LD_RUNPATH_SEARCH_PATHS = (
					"$(inherited)",
					"@executable_path/Frameworks",
				);
				PRODUCT_BUNDLE_IDENTIFIER = org.archer.u17;
				PRODUCT_NAME = "$(TARGET_NAME)";
				SWIFT_OBJC_BRIDGING_HEADER = "$(SRCROOT)/Bridge/cartoon.h";
				SWIFT_VERSION = 4.2;
				TARGETED_DEVICE_FAMILY = 1;
			};
			name = Release;
		};
/* End XCBuildConfiguration section */

/* Begin XCConfigurationList section */
		C4F90ECE21A40B7B0072AE10 /* Build configuration list for PBXProject "U17" */ = {
			isa = XCConfigurationList;
			buildConfigurations = (
				C4F90EE321A40B7C0072AE10 /* Debug */,
				C4F90EE421A40B7C0072AE10 /* Release */,
			);
			defaultConfigurationIsVisible = 0;
			defaultConfigurationName = Release;
		};
		C4F90EE521A40B7C0072AE10 /* Build configuration list for PBXNativeTarget "U17" */ = {
			isa = XCConfigurationList;
			buildConfigurations = (
				C4F90EE621A40B7C0072AE10 /* Debug */,
				C4F90EE721A40B7C0072AE10 /* Release */,
			);
			defaultConfigurationIsVisible = 0;
			defaultConfigurationName = Release;
		};
/* End XCConfigurationList section */
	};
	rootObject = C4F90ECB21A40B7B0072AE10 /* Project object */;
}
